<?xml version="1.0" encoding="UTF-8"?>
<Project ToolsVersion="15.0" xmlns="http://schemas.microsoft.com/developer/msbuild/2003">
  <ItemGroup>
    <ClCompile Include="C:\work\GamePlay-deps\vorbis-1.3.4\lib\synthesis.c">
      <Filter>Source Files</Filter>
    </ClCompile>
    <ClCompile Include="C:\work\GamePlay-deps\vorbis-1.3.4\lib\block.c">
      <Filter>Source Files</Filter>
    </ClCompile>
    <ClCompile Include="C:\work\GamePlay-deps\vorbis-1.3.4\lib\floor0.c">
      <Filter>Source Files</Filter>
    </ClCompile>
    <ClCompile Include="C:\work\GamePlay-deps\vorbis-1.3.4\lib\lookup.c">
      <Filter>Source Files</Filter>
    </ClCompile>
    <ClCompile Include="C:\work\GamePlay-deps\vorbis-1.3.4\lib\analysis.c">
      <Filter>Source Files</Filter>
    </ClCompile>
    <ClCompile Include="C:\work\GamePlay-deps\vorbis-1.3.4\lib\sharedbook.c">
      <Filter>Source Files</Filter>
    </ClCompile>
    <ClCompile Include="C:\work\GamePlay-deps\vorbis-1.3.4\lib\window.c">
      <Filter>Source Files</Filter>
    </ClCompile>
    <ClCompile Include="C:\work\GamePlay-deps\vorbis-1.3.4\lib\info.c">
      <Filter>Source Files</Filter>
    </ClCompile>
    <ClCompile Include="C:\work\GamePlay-deps\vorbis-1.3.4\lib\mdct.c">
      <Filter>Source Files</Filter>
    </ClCompile>
    <ClCompile Include="C:\work\GamePlay-deps\vorbis-1.3.4\lib\smallft.c">
      <Filter>Source Files</Filter>
    </ClCompile>
    <ClCompile Include="C:\work\GamePlay-deps\vorbis-1.3.4\lib\codebook.c">
      <Filter>Source Files</Filter>
    </ClCompile>
    <ClCompile Include="C:\work\GamePlay-deps\vorbis-1.3.4\lib\lpc.c">
      <Filter>Source Files</Filter>
    </ClCompile>
    <ClCompile Include="C:\work\GamePlay-deps\vorbis-1.3.4\lib\mapping0.c">
      <Filter>Source Files</Filter>
    </ClCompile>
    <ClCompile Include="C:\work\GamePlay-deps\vorbis-1.3.4\lib\floor1.c">
      <Filter>Source Files</Filter>
    </ClCompile>
    <ClCompile Include="C:\work\GamePlay-deps\vorbis-1.3.4\lib\bitrate.c">
      <Filter>Source Files</Filter>
    </ClCompile>
    <ClCompile Include="C:\work\GamePlay-deps\vorbis-1.3.4\lib\res0.c">
      <Filter>Source Files</Filter>
    </ClCompile>
    <ClCompile Include="C:\work\GamePlay-deps\vorbis-1.3.4\lib\psy.c">
      <Filter>Source Files</Filter>
    </ClCompile>
    <ClCompile Include="C:\work\GamePlay-deps\vorbis-1.3.4\lib\envelope.c">
      <Filter>Source Files</Filter>
    </ClCompile>
    <ClCompile Include="C:\work\GamePlay-deps\vorbis-1.3.4\lib\lsp.c">
      <Filter>Source Files</Filter>
    </ClCompile>
    <ClCompile Include="C:\work\GamePlay-deps\vorbis-1.3.4\lib\registry.c">
      <Filter>Source Files</Filter>
    </ClCompile>
  </ItemGroup>
  <ItemGroup>
    <CustomBuild Include="C:\work\GamePlay-deps\vorbis-1.3.4\CMakeLists.txt" />
  </ItemGroup>
  <ItemGroup>
    <Filter Include="Source Files">
      <UniqueIdentifier>{0E6849E1-3437-388E-8499-A8AF12F7E4FA}</UniqueIdentifier>
    </Filter>
  </ItemGroup>
</Project>
