<?xml version="1.0" encoding="UTF-8"?>
<Project ToolsVersion="15.0" xmlns="http://schemas.microsoft.com/developer/msbuild/2003">
  <ItemGroup>
    <ClCompile Include="C:\work\GamePlay-deps\png-1.6.15\png.c">
      <Filter>Source Files</Filter>
    </ClCompile>
    <ClCompile Include="C:\work\GamePlay-deps\png-1.6.15\pngerror.c">
      <Filter>Source Files</Filter>
    </ClCompile>
    <ClCompile Include="C:\work\GamePlay-deps\png-1.6.15\pngget.c">
      <Filter>Source Files</Filter>
    </ClCompile>
    <ClCompile Include="C:\work\GamePlay-deps\png-1.6.15\pngmem.c">
      <Filter>Source Files</Filter>
    </ClCompile>
    <ClCompile Include="C:\work\GamePlay-deps\png-1.6.15\pngpread.c">
      <Filter>Source Files</Filter>
    </ClCompile>
    <ClCompile Include="C:\work\GamePlay-deps\png-1.6.15\pngread.c">
      <Filter>Source Files</Filter>
    </ClCompile>
    <ClCompile Include="C:\work\GamePlay-deps\png-1.6.15\pngrio.c">
      <Filter>Source Files</Filter>
    </ClCompile>
    <ClCompile Include="C:\work\GamePlay-deps\png-1.6.15\pngrtran.c">
      <Filter>Source Files</Filter>
    </ClCompile>
    <ClCompile Include="C:\work\GamePlay-deps\png-1.6.15\pngrutil.c">
      <Filter>Source Files</Filter>
    </ClCompile>
    <ClCompile Include="C:\work\GamePlay-deps\png-1.6.15\pngset.c">
      <Filter>Source Files</Filter>
    </ClCompile>
    <ClCompile Include="C:\work\GamePlay-deps\png-1.6.15\pngtrans.c">
      <Filter>Source Files</Filter>
    </ClCompile>
    <ClCompile Include="C:\work\GamePlay-deps\png-1.6.15\pngwio.c">
      <Filter>Source Files</Filter>
    </ClCompile>
    <ClCompile Include="C:\work\GamePlay-deps\png-1.6.15\pngwrite.c">
      <Filter>Source Files</Filter>
    </ClCompile>
    <ClCompile Include="C:\work\GamePlay-deps\png-1.6.15\pngwtran.c">
      <Filter>Source Files</Filter>
    </ClCompile>
    <ClCompile Include="C:\work\GamePlay-deps\png-1.6.15\pngwutil.c">
      <Filter>Source Files</Filter>
    </ClCompile>
  </ItemGroup>
  <ItemGroup>
    <ClInclude Include="C:\work\GamePlay-deps\png-1.6.15\png.h">
      <Filter>Header Files</Filter>
    </ClInclude>
    <ClInclude Include="C:\work\GamePlay-deps\png-1.6.15\pngconf.h">
      <Filter>Header Files</Filter>
    </ClInclude>
    <ClInclude Include="C:\work\GamePlay-deps\png-1.6.15\pnglibconf.h">
      <Filter>Header Files</Filter>
    </ClInclude>
    <ClInclude Include="C:\work\GamePlay-deps\png-1.6.15\pngdebug.h">
      <Filter>Header Files</Filter>
    </ClInclude>
    <ClInclude Include="C:\work\GamePlay-deps\png-1.6.15\pnginfo.h">
      <Filter>Header Files</Filter>
    </ClInclude>
    <ClInclude Include="C:\work\GamePlay-deps\png-1.6.15\pngpriv.h">
      <Filter>Header Files</Filter>
    </ClInclude>
    <ClInclude Include="C:\work\GamePlay-deps\png-1.6.15\pngstruct.h">
      <Filter>Header Files</Filter>
    </ClInclude>
  </ItemGroup>
  <ItemGroup>
    <CustomBuild Include="C:\work\GamePlay-deps\png-1.6.15\CMakeLists.txt" />
  </ItemGroup>
  <ItemGroup>
    <Filter Include="Source Files">
      <UniqueIdentifier>{0E6849E1-3437-388E-8499-A8AF12F7E4FA}</UniqueIdentifier>
    </Filter>
    <Filter Include="Header Files">
      <UniqueIdentifier>{94DC8D63-9523-39CD-BC48-86D21BBBE2B8}</UniqueIdentifier>
    </Filter>
  </ItemGroup>
</Project>
